
Microsoft Visual Studio Solution File, Format Version 12.00
# Visual Studio Version 16
VisualStudioVersion = 16.0.29215.179
MinimumVisualStudioVersion = 10.0.40219.1
Project("{FAE04EC0-301F-11D3-BF4B-00C04F79EFBC}") = "Taxes and Retails", "Taxes and Retails.csproj", "{7C403924-8057-48A8-9085-A289931E6037}"
EndProject
Global
	GlobalSection(SolutionConfigurationPlatforms) = preSolution
		Debug|Any CPU = Debug|Any CPU
		Release|Any CPU = Release|Any CPU
	EndGlobalSection
	GlobalSection(ProjectConfigurationPlatforms) = postSolution
		{7C403924-8057-48A8-9085-A289931E6037}.Debug|Any CPU.ActiveCfg = Debug|Any CPU
		{7C403924-8057-48A8-9085-A289931E6037}.Debug|Any CPU.Build.0 = Debug|Any CPU
		{7C403924-8057-48A8-9085-A289931E6037}.Release|Any CPU.ActiveCfg = Release|Any CPU
		{7C403924-8057-48A8-9085-A289931E6037}.Release|Any CPU.Build.0 = Release|Any CPU
	EndGlobalSection
	GlobalSection(SolutionProperties) = preSolution
		HideSolutionNode = FALSE
	EndGlobalSection
	GlobalSection(ExtensibilityGlobals) = postSolution
		SolutionGuid = {BA6AE221-8389-418C-8F04-4A352025142C}
	EndGlobalSection
EndGlobal
